
Microsoft Visual Studio Solution File, Format Version 12.00
# Visual Studio 15
VisualStudioVersion = 15.0.26730.12
MinimumVisualStudioVersion = 10.0.40219.1
Project("{FAE04EC0-301F-11D3-BF4B-00C04F79EFBC}") = "Door_of_Soul.Core", "..\Door_of_Soul.Core\Door_of_Soul.Core\Door_of_Soul.Core.csproj", "{34C59E1E-EEE2-4B13-9802-39DAE818ABFD}"
EndProject
Project("{FAE04EC0-301F-11D3-BF4B-00C04F79EFBC}") = "Door_of_Soul.HexagramEntranceServer", "Door_of_Soul.HexagramEntranceServer\Door_of_Soul.HexagramEntranceServer.csproj", "{4FEC3B33-6378-426A-AABE-2CE60F8F99DA}"
EndProject
Project("{FAE04EC0-301F-11D3-BF4B-00C04F79EFBC}") = "Door_of_Soul.Core.HexagramEntranceServer", "..\Door_of_Soul.Core\Door_of_Soul.Core.HexagramEntranceServer\Door_of_Soul.Core.HexagramEntranceServer.csproj", "{E02FB674-13E0-403E-A6F3-88AA421DE13A}"
EndProject
Project("{FAE04EC0-301F-11D3-BF4B-00C04F79EFBC}") = "Door_of_Soul.Core.HexagramNodeServer", "..\Door_of_Soul.Core\Door_of_Soul.Core.HexagramNodeServer\Door_of_Soul.Core.HexagramNodeServer.csproj", "{6DDA6ED9-24FE-4036-9FA8-37279A2BE41C}"
EndProject
Project("{FAE04EC0-301F-11D3-BF4B-00C04F79EFBC}") = "Door_of_Soul.HexagramKnowledgeServer", "Door_of_Soul.HexagramKnowledgeServer\Door_of_Soul.HexagramKnowledgeServer.csproj", "{C025201D-0079-4F61-9593-66508E2E6E93}"
EndProject
Project("{FAE04EC0-301F-11D3-BF4B-00C04F79EFBC}") = "Door_of_Soul.Server", "Door_of_Soul.Server\Door_of_Soul.Server.csproj", "{A86EBB94-D15D-465F-8C8D-47EBFFB2D3B1}"
EndProject
Project("{FAE04EC0-301F-11D3-BF4B-00C04F79EFBC}") = "Door_of_Soul.Communication.Protocol.External", "..\Door_of_Soul.Communication\Door_of_Soul.Communication.Protocol.External\Door_of_Soul.Communication.Protocol.External.csproj", "{747F0ED6-82FD-44DC-994B-F9D2B9DDE3F9}"
EndProject
Project("{FAE04EC0-301F-11D3-BF4B-00C04F79EFBC}") = "Door_of_Soul.Communication.Protocol.Internal", "..\Door_of_Soul.Communication\Door_of_Soul.Communication.Protocol.Internal\Door_of_Soul.Communication.Protocol.Internal.csproj", "{D82BD596-1A35-4E4C-BC1E-2E27CD3E9812}"
EndProject
Project("{FAE04EC0-301F-11D3-BF4B-00C04F79EFBC}") = "Door_of_Soul.Communication.Protocol.Hexagram", "..\Door_of_Soul.Communication\Door_of_Soul.Communication.Protocol.Hexagram\Door_of_Soul.Communication.Protocol.Hexagram.csproj", "{D7A33245-4CC4-4528-9603-3051D6022120}"
EndProject
Project("{FAE04EC0-301F-11D3-BF4B-00C04F79EFBC}") = "Door_of_Soul.Communication", "..\Door_of_Soul.Communication\Door_of_Soul.Communication\Door_of_Soul.Communication.csproj", "{90C6178D-F9EE-4160-B7E6-D450AFE03BEC}"
EndProject
Project("{FAE04EC0-301F-11D3-BF4B-00C04F79EFBC}") = "Door_of_Soul.Communication.Client", "..\Door_of_Soul.Communication\Door_of_Soul.Communication.Client\Door_of_Soul.Communication.Client.csproj", "{DF20E90E-7C05-4620-A122-686AF8161211}"
EndProject
Project("{FAE04EC0-301F-11D3-BF4B-00C04F79EFBC}") = "Door_of_Soul.Communication.HexagramNodeServer", "..\Door_of_Soul.Communication\Door_of_Soul.Communication.HexagramNodeServer\Door_of_Soul.Communication.HexagramNodeServer.csproj", "{9B95B70F-0310-43A6-8592-47C05FF610EF}"
EndProject
Project("{FAE04EC0-301F-11D3-BF4B-00C04F79EFBC}") = "Door_of_Soul.Communication.HexagramEntranceServer", "..\Door_of_Soul.Communication\Door_of_Soul.Communication.HexagramEntranceServer\Door_of_Soul.Communication.HexagramEntranceServer.csproj", "{C2D33AC7-1022-41C4-B7EE-37E61C58EB53}"
EndProject
Project("{FAE04EC0-301F-11D3-BF4B-00C04F79EFBC}") = "Door_of_Soul.Communication.HexagramCentralServer", "..\Door_of_Soul.Communication\Door_of_Soul.Communication.HexagramCentralServer\Door_of_Soul.Communication.HexagramCentralServer.csproj", "{BC5AE4E9-2EE3-49C7-9515-AB9B0DB47A6A}"
EndProject
Project("{FAE04EC0-301F-11D3-BF4B-00C04F79EFBC}") = "Door_of_Soul.Core.Client", "..\Door_of_Soul.Core\Door_of_Soul.Core.Client\Door_of_Soul.Core.Client.csproj", "{8CDD1FE1-98C2-4BF5-B635-8C788D931F8B}"
EndProject
Project("{FAE04EC0-301F-11D3-BF4B-00C04F79EFBC}") = "Door_of_Soul.HexagramLifeServer", "Door_of_Soul.HexagramLifeServer\Door_of_Soul.HexagramLifeServer.csproj", "{907D911F-DB2A-493C-B39C-C39DC4CC6516}"
EndProject
Project("{FAE04EC0-301F-11D3-BF4B-00C04F79EFBC}") = "Door_of_Soul.HexagramElementServer", "Door_of_Soul.HexagramElementServer\Door_of_Soul.HexagramElementServer.csproj", "{561B53EC-26B7-4E20-8E74-9083C54FCE47}"
EndProject
Project("{FAE04EC0-301F-11D3-BF4B-00C04F79EFBC}") = "Door_of_Soul.HexagramInfiniteServer", "Door_of_Soul.HexagramInfiniteServer\Door_of_Soul.HexagramInfiniteServer.csproj", "{CAEC35E5-4D0E-453B-8AF2-E7390AF4BF7B}"
EndProject
Project("{FAE04EC0-301F-11D3-BF4B-00C04F79EFBC}") = "Door_of_Soul.HexagramLoveServer", "Door_of_Soul.HexagramLoveServer\Door_of_Soul.HexagramLoveServer.csproj", "{597B35CB-1176-4E9A-9D58-0546233BF784}"
EndProject
Project("{FAE04EC0-301F-11D3-BF4B-00C04F79EFBC}") = "Door_of_Soul.HexagramSpaceServer", "Door_of_Soul.HexagramSpaceServer\Door_of_Soul.HexagramSpaceServer.csproj", "{CB3469C4-BAC0-4B70-9BAA-07550A6D6878}"
EndProject
Project("{FAE04EC0-301F-11D3-BF4B-00C04F79EFBC}") = "Door_of_Soul.HexagramWillServer", "Door_of_Soul.HexagramWillServer\Door_of_Soul.HexagramWillServer.csproj", "{1A872550-B18B-45F7-96DB-EEBE92CD58F9}"
EndProject
Project("{FAE04EC0-301F-11D3-BF4B-00C04F79EFBC}") = "Door_of_Soul.HexagramShadowServer", "Door_of_Soul.HexagramShadowServer\Door_of_Soul.HexagramShadowServer.csproj", "{43C2E756-6007-4462-973E-07E6A786F094}"
EndProject
Project("{FAE04EC0-301F-11D3-BF4B-00C04F79EFBC}") = "Door_of_Soul.HexagramHistoryServer", "Door_of_Soul.HexagramHistoryServer\Door_of_Soul.HexagramHistoryServer.csproj", "{D314F249-9274-4881-B94E-D219574CE6D1}"
EndProject
Project("{FAE04EC0-301F-11D3-BF4B-00C04F79EFBC}") = "Door_of_Soul.HexagramEternityServer", "Door_of_Soul.HexagramEternityServer\Door_of_Soul.HexagramEternityServer.csproj", "{6704C7E3-3D5C-487E-A819-37906C9357DD}"
EndProject
Project("{FAE04EC0-301F-11D3-BF4B-00C04F79EFBC}") = "Door_of_Soul.HexagramDestinyServer", "Door_of_Soul.HexagramDestinyServer\Door_of_Soul.HexagramDestinyServer.csproj", "{5C64674F-3353-45D7-B52A-E09963EEF780}"
EndProject
Project("{FAE04EC0-301F-11D3-BF4B-00C04F79EFBC}") = "Door_of_Soul.HexagramThroneServer", "Door_of_Soul.HexagramThroneServer\Door_of_Soul.HexagramThroneServer.csproj", "{A52596B2-9E5A-4AC6-A1BF-0B2006164A4F}"
EndProject
Project("{FAE04EC0-301F-11D3-BF4B-00C04F79EFBC}") = "Door_of_Soul.Database", "..\Door_of_Soul.Database\Door_of_Soul.Database\Door_of_Soul.Database.csproj", "{6F46FCDF-E62C-413E-AB14-0870FCEBC412}"
EndProject
Project("{FAE04EC0-301F-11D3-BF4B-00C04F79EFBC}") = "Door_of_Soul.Database.DataStructure", "..\Door_of_Soul.Database\Door_of_Soul.Database.DataStructure\Door_of_Soul.Database.DataStructure.csproj", "{B23D26FC-F698-463C-9050-9DEE3329A8B9}"
EndProject
Project("{FAE04EC0-301F-11D3-BF4B-00C04F79EFBC}") = "Door_of_Soul.Core.LoginServer", "..\Door_of_Soul.Core\Door_of_Soul.Core.LoginServer\Door_of_Soul.Core.LoginServer.csproj", "{78453473-C029-4ECE-A031-41BDFB54C343}"
EndProject
Project("{FAE04EC0-301F-11D3-BF4B-00C04F79EFBC}") = "Door_of_Soul.Core.ObserverServer", "..\Door_of_Soul.Core\Door_of_Soul.Core.ObserverServer\Door_of_Soul.Core.ObserverServer.csproj", "{CB83E5BF-6253-4B08-9E4F-2CAA9EE277F0}"
EndProject
Project("{FAE04EC0-301F-11D3-BF4B-00C04F79EFBC}") = "Door_of_Soul.Core.TrinityServer", "..\Door_of_Soul.Core\Door_of_Soul.Core.TrinityServer\Door_of_Soul.Core.TrinityServer.csproj", "{9AEA582D-1E5F-453A-B401-32B0FEFE75A9}"
EndProject
Project("{FAE04EC0-301F-11D3-BF4B-00C04F79EFBC}") = "Door_of_Soul.Communication.LoginServer", "..\Door_of_Soul.Communication\Door_of_Soul.Communication.LoginServer\Door_of_Soul.Communication.LoginServer.csproj", "{F8E6CECF-D9AA-4A80-80DF-319966A81223}"
EndProject
Project("{FAE04EC0-301F-11D3-BF4B-00C04F79EFBC}") = "Door_of_Soul.Communication.ObserverServer", "..\Door_of_Soul.Communication\Door_of_Soul.Communication.ObserverServer\Door_of_Soul.Communication.ObserverServer.csproj", "{A6F253F2-6987-4FA8-98E7-F883741CE45F}"
EndProject
Project("{FAE04EC0-301F-11D3-BF4B-00C04F79EFBC}") = "Door_of_Soul.Communication.TrinityServer", "..\Door_of_Soul.Communication\Door_of_Soul.Communication.TrinityServer\Door_of_Soul.Communication.TrinityServer.csproj", "{CE89317C-B25B-4D9C-8339-7385C1284507}"
EndProject
Project("{FAE04EC0-301F-11D3-BF4B-00C04F79EFBC}") = "Door_of_Soul.ObserverServer", "Door_of_Soul.ObserverServer\Door_of_Soul.ObserverServer.csproj", "{8C27282D-03C5-4F95-8381-F9865D8331F6}"
EndProject
Project("{FAE04EC0-301F-11D3-BF4B-00C04F79EFBC}") = "Door_of_Soul.LoginServer", "Door_of_Soul.LoginServer\Door_of_Soul.LoginServer.csproj", "{18BBB1F6-47E5-4D36-A618-B46581C5C5E0}"
EndProject
Project("{FAE04EC0-301F-11D3-BF4B-00C04F79EFBC}") = "Door_of_Soul.TrinityServer", "Door_of_Soul.TrinityServer\Door_of_Soul.TrinityServer.csproj", "{A0BE9712-CE81-4AA3-811D-23891A95F398}"
EndProject
Global
	GlobalSection(SolutionConfigurationPlatforms) = preSolution
		Debug|Any CPU = Debug|Any CPU
		Release|Any CPU = Release|Any CPU
	EndGlobalSection
	GlobalSection(ProjectConfigurationPlatforms) = postSolution
		{34C59E1E-EEE2-4B13-9802-39DAE818ABFD}.Debug|Any CPU.ActiveCfg = Debug|Any CPU
		{34C59E1E-EEE2-4B13-9802-39DAE818ABFD}.Debug|Any CPU.Build.0 = Debug|Any CPU
		{34C59E1E-EEE2-4B13-9802-39DAE818ABFD}.Release|Any CPU.ActiveCfg = Release|Any CPU
		{34C59E1E-EEE2-4B13-9802-39DAE818ABFD}.Release|Any CPU.Build.0 = Release|Any CPU
		{4FEC3B33-6378-426A-AABE-2CE60F8F99DA}.Debug|Any CPU.ActiveCfg = Debug|Any CPU
		{4FEC3B33-6378-426A-AABE-2CE60F8F99DA}.Debug|Any CPU.Build.0 = Debug|Any CPU
		{4FEC3B33-6378-426A-AABE-2CE60F8F99DA}.Release|Any CPU.ActiveCfg = Release|Any CPU
		{4FEC3B33-6378-426A-AABE-2CE60F8F99DA}.Release|Any CPU.Build.0 = Release|Any CPU
		{E02FB674-13E0-403E-A6F3-88AA421DE13A}.Debug|Any CPU.ActiveCfg = Debug|Any CPU
		{E02FB674-13E0-403E-A6F3-88AA421DE13A}.Debug|Any CPU.Build.0 = Debug|Any CPU
		{E02FB674-13E0-403E-A6F3-88AA421DE13A}.Release|Any CPU.ActiveCfg = Release|Any CPU
		{E02FB674-13E0-403E-A6F3-88AA421DE13A}.Release|Any CPU.Build.0 = Release|Any CPU
		{6DDA6ED9-24FE-4036-9FA8-37279A2BE41C}.Debug|Any CPU.ActiveCfg = Debug|Any CPU
		{6DDA6ED9-24FE-4036-9FA8-37279A2BE41C}.Debug|Any CPU.Build.0 = Debug|Any CPU
		{6DDA6ED9-24FE-4036-9FA8-37279A2BE41C}.Release|Any CPU.ActiveCfg = Release|Any CPU
		{6DDA6ED9-24FE-4036-9FA8-37279A2BE41C}.Release|Any CPU.Build.0 = Release|Any CPU
		{C025201D-0079-4F61-9593-66508E2E6E93}.Debug|Any CPU.ActiveCfg = Debug|Any CPU
		{C025201D-0079-4F61-9593-66508E2E6E93}.Debug|Any CPU.Build.0 = Debug|Any CPU
		{C025201D-0079-4F61-9593-66508E2E6E93}.Release|Any CPU.ActiveCfg = Release|Any CPU
		{C025201D-0079-4F61-9593-66508E2E6E93}.Release|Any CPU.Build.0 = Release|Any CPU
		{A86EBB94-D15D-465F-8C8D-47EBFFB2D3B1}.Debug|Any CPU.ActiveCfg = Debug|Any CPU
		{A86EBB94-D15D-465F-8C8D-47EBFFB2D3B1}.Debug|Any CPU.Build.0 = Debug|Any CPU
		{A86EBB94-D15D-465F-8C8D-47EBFFB2D3B1}.Release|Any CPU.ActiveCfg = Release|Any CPU
		{A86EBB94-D15D-465F-8C8D-47EBFFB2D3B1}.Release|Any CPU.Build.0 = Release|Any CPU
		{747F0ED6-82FD-44DC-994B-F9D2B9DDE3F9}.Debug|Any CPU.ActiveCfg = Debug|Any CPU
		{747F0ED6-82FD-44DC-994B-F9D2B9DDE3F9}.Debug|Any CPU.Build.0 = Debug|Any CPU
		{747F0ED6-82FD-44DC-994B-F9D2B9DDE3F9}.Release|Any CPU.ActiveCfg = Release|Any CPU
		{747F0ED6-82FD-44DC-994B-F9D2B9DDE3F9}.Release|Any CPU.Build.0 = Release|Any CPU
		{D82BD596-1A35-4E4C-BC1E-2E27CD3E9812}.Debug|Any CPU.ActiveCfg = Debug|Any CPU
		{D82BD596-1A35-4E4C-BC1E-2E27CD3E9812}.Debug|Any CPU.Build.0 = Debug|Any CPU
		{D82BD596-1A35-4E4C-BC1E-2E27CD3E9812}.Release|Any CPU.ActiveCfg = Release|Any CPU
		{D82BD596-1A35-4E4C-BC1E-2E27CD3E9812}.Release|Any CPU.Build.0 = Release|Any CPU
		{D7A33245-4CC4-4528-9603-3051D6022120}.Debug|Any CPU.ActiveCfg = Debug|Any CPU
		{D7A33245-4CC4-4528-9603-3051D6022120}.Debug|Any CPU.Build.0 = Debug|Any CPU
		{D7A33245-4CC4-4528-9603-3051D6022120}.Release|Any CPU.ActiveCfg = Release|Any CPU
		{D7A33245-4CC4-4528-9603-3051D6022120}.Release|Any CPU.Build.0 = Release|Any CPU
		{90C6178D-F9EE-4160-B7E6-D450AFE03BEC}.Debug|Any CPU.ActiveCfg = Debug|Any CPU
		{90C6178D-F9EE-4160-B7E6-D450AFE03BEC}.Debug|Any CPU.Build.0 = Debug|Any CPU
		{90C6178D-F9EE-4160-B7E6-D450AFE03BEC}.Release|Any CPU.ActiveCfg = Release|Any CPU
		{90C6178D-F9EE-4160-B7E6-D450AFE03BEC}.Release|Any CPU.Build.0 = Release|Any CPU
		{DF20E90E-7C05-4620-A122-686AF8161211}.Debug|Any CPU.ActiveCfg = Debug|Any CPU
		{DF20E90E-7C05-4620-A122-686AF8161211}.Debug|Any CPU.Build.0 = Debug|Any CPU
		{DF20E90E-7C05-4620-A122-686AF8161211}.Release|Any CPU.ActiveCfg = Release|Any CPU
		{DF20E90E-7C05-4620-A122-686AF8161211}.Release|Any CPU.Build.0 = Release|Any CPU
		{9B95B70F-0310-43A6-8592-47C05FF610EF}.Debug|Any CPU.ActiveCfg = Debug|Any CPU
		{9B95B70F-0310-43A6-8592-47C05FF610EF}.Debug|Any CPU.Build.0 = Debug|Any CPU
		{9B95B70F-0310-43A6-8592-47C05FF610EF}.Release|Any CPU.ActiveCfg = Release|Any CPU
		{9B95B70F-0310-43A6-8592-47C05FF610EF}.Release|Any CPU.Build.0 = Release|Any CPU
		{C2D33AC7-1022-41C4-B7EE-37E61C58EB53}.Debug|Any CPU.ActiveCfg = Debug|Any CPU
		{C2D33AC7-1022-41C4-B7EE-37E61C58EB53}.Debug|Any CPU.Build.0 = Debug|Any CPU
		{C2D33AC7-1022-41C4-B7EE-37E61C58EB53}.Release|Any CPU.ActiveCfg = Release|Any CPU
		{C2D33AC7-1022-41C4-B7EE-37E61C58EB53}.Release|Any CPU.Build.0 = Release|Any CPU
		{BC5AE4E9-2EE3-49C7-9515-AB9B0DB47A6A}.Debug|Any CPU.ActiveCfg = Debug|Any CPU
		{BC5AE4E9-2EE3-49C7-9515-AB9B0DB47A6A}.Debug|Any CPU.Build.0 = Debug|Any CPU
		{BC5AE4E9-2EE3-49C7-9515-AB9B0DB47A6A}.Release|Any CPU.ActiveCfg = Release|Any CPU
		{BC5AE4E9-2EE3-49C7-9515-AB9B0DB47A6A}.Release|Any CPU.Build.0 = Release|Any CPU
		{8CDD1FE1-98C2-4BF5-B635-8C788D931F8B}.Debug|Any CPU.ActiveCfg = Debug|Any CPU
		{8CDD1FE1-98C2-4BF5-B635-8C788D931F8B}.Debug|Any CPU.Build.0 = Debug|Any CPU
		{8CDD1FE1-98C2-4BF5-B635-8C788D931F8B}.Release|Any CPU.ActiveCfg = Release|Any CPU
		{8CDD1FE1-98C2-4BF5-B635-8C788D931F8B}.Release|Any CPU.Build.0 = Release|Any CPU
		{907D911F-DB2A-493C-B39C-C39DC4CC6516}.Debug|Any CPU.ActiveCfg = Debug|Any CPU
		{907D911F-DB2A-493C-B39C-C39DC4CC6516}.Debug|Any CPU.Build.0 = Debug|Any CPU
		{907D911F-DB2A-493C-B39C-C39DC4CC6516}.Release|Any CPU.ActiveCfg = Release|Any CPU
		{907D911F-DB2A-493C-B39C-C39DC4CC6516}.Release|Any CPU.Build.0 = Release|Any CPU
		{561B53EC-26B7-4E20-8E74-9083C54FCE47}.Debug|Any CPU.ActiveCfg = Debug|Any CPU
		{561B53EC-26B7-4E20-8E74-9083C54FCE47}.Debug|Any CPU.Build.0 = Debug|Any CPU
		{561B53EC-26B7-4E20-8E74-9083C54FCE47}.Release|Any CPU.ActiveCfg = Release|Any CPU
		{561B53EC-26B7-4E20-8E74-9083C54FCE47}.Release|Any CPU.Build.0 = Release|Any CPU
		{CAEC35E5-4D0E-453B-8AF2-E7390AF4BF7B}.Debug|Any CPU.ActiveCfg = Debug|Any CPU
		{CAEC35E5-4D0E-453B-8AF2-E7390AF4BF7B}.Debug|Any CPU.Build.0 = Debug|Any CPU
		{CAEC35E5-4D0E-453B-8AF2-E7390AF4BF7B}.Release|Any CPU.ActiveCfg = Release|Any CPU
		{CAEC35E5-4D0E-453B-8AF2-E7390AF4BF7B}.Release|Any CPU.Build.0 = Release|Any CPU
		{597B35CB-1176-4E9A-9D58-0546233BF784}.Debug|Any CPU.ActiveCfg = Debug|Any CPU
		{597B35CB-1176-4E9A-9D58-0546233BF784}.Debug|Any CPU.Build.0 = Debug|Any CPU
		{597B35CB-1176-4E9A-9D58-0546233BF784}.Release|Any CPU.ActiveCfg = Release|Any CPU
		{597B35CB-1176-4E9A-9D58-0546233BF784}.Release|Any CPU.Build.0 = Release|Any CPU
		{CB3469C4-BAC0-4B70-9BAA-07550A6D6878}.Debug|Any CPU.ActiveCfg = Debug|Any CPU
		{CB3469C4-BAC0-4B70-9BAA-07550A6D6878}.Debug|Any CPU.Build.0 = Debug|Any CPU
		{CB3469C4-BAC0-4B70-9BAA-07550A6D6878}.Release|Any CPU.ActiveCfg = Release|Any CPU
		{CB3469C4-BAC0-4B70-9BAA-07550A6D6878}.Release|Any CPU.Build.0 = Release|Any CPU
		{1A872550-B18B-45F7-96DB-EEBE92CD58F9}.Debug|Any CPU.ActiveCfg = Debug|Any CPU
		{1A872550-B18B-45F7-96DB-EEBE92CD58F9}.Debug|Any CPU.Build.0 = Debug|Any CPU
		{1A872550-B18B-45F7-96DB-EEBE92CD58F9}.Release|Any CPU.ActiveCfg = Release|Any CPU
		{1A872550-B18B-45F7-96DB-EEBE92CD58F9}.Release|Any CPU.Build.0 = Release|Any CPU
		{43C2E756-6007-4462-973E-07E6A786F094}.Debug|Any CPU.ActiveCfg = Debug|Any CPU
		{43C2E756-6007-4462-973E-07E6A786F094}.Debug|Any CPU.Build.0 = Debug|Any CPU
		{43C2E756-6007-4462-973E-07E6A786F094}.Release|Any CPU.ActiveCfg = Release|Any CPU
		{43C2E756-6007-4462-973E-07E6A786F094}.Release|Any CPU.Build.0 = Release|Any CPU
		{D314F249-9274-4881-B94E-D219574CE6D1}.Debug|Any CPU.ActiveCfg = Debug|Any CPU
		{D314F249-9274-4881-B94E-D219574CE6D1}.Debug|Any CPU.Build.0 = Debug|Any CPU
		{D314F249-9274-4881-B94E-D219574CE6D1}.Release|Any CPU.ActiveCfg = Release|Any CPU
		{D314F249-9274-4881-B94E-D219574CE6D1}.Release|Any CPU.Build.0 = Release|Any CPU
		{6704C7E3-3D5C-487E-A819-37906C9357DD}.Debug|Any CPU.ActiveCfg = Debug|Any CPU
		{6704C7E3-3D5C-487E-A819-37906C9357DD}.Debug|Any CPU.Build.0 = Debug|Any CPU
		{6704C7E3-3D5C-487E-A819-37906C9357DD}.Release|Any CPU.ActiveCfg = Release|Any CPU
		{6704C7E3-3D5C-487E-A819-37906C9357DD}.Release|Any CPU.Build.0 = Release|Any CPU
		{5C64674F-3353-45D7-B52A-E09963EEF780}.Debug|Any CPU.ActiveCfg = Debug|Any CPU
		{5C64674F-3353-45D7-B52A-E09963EEF780}.Debug|Any CPU.Build.0 = Debug|Any CPU
		{5C64674F-3353-45D7-B52A-E09963EEF780}.Release|Any CPU.ActiveCfg = Release|Any CPU
		{5C64674F-3353-45D7-B52A-E09963EEF780}.Release|Any CPU.Build.0 = Release|Any CPU
		{A52596B2-9E5A-4AC6-A1BF-0B2006164A4F}.Debug|Any CPU.ActiveCfg = Debug|Any CPU
		{A52596B2-9E5A-4AC6-A1BF-0B2006164A4F}.Debug|Any CPU.Build.0 = Debug|Any CPU
		{A52596B2-9E5A-4AC6-A1BF-0B2006164A4F}.Release|Any CPU.ActiveCfg = Release|Any CPU
		{A52596B2-9E5A-4AC6-A1BF-0B2006164A4F}.Release|Any CPU.Build.0 = Release|Any CPU
		{6F46FCDF-E62C-413E-AB14-0870FCEBC412}.Debug|Any CPU.ActiveCfg = Debug|Any CPU
		{6F46FCDF-E62C-413E-AB14-0870FCEBC412}.Debug|Any CPU.Build.0 = Debug|Any CPU
		{6F46FCDF-E62C-413E-AB14-0870FCEBC412}.Release|Any CPU.ActiveCfg = Release|Any CPU
		{6F46FCDF-E62C-413E-AB14-0870FCEBC412}.Release|Any CPU.Build.0 = Release|Any CPU
		{B23D26FC-F698-463C-9050-9DEE3329A8B9}.Debug|Any CPU.ActiveCfg = Debug|Any CPU
		{B23D26FC-F698-463C-9050-9DEE3329A8B9}.Debug|Any CPU.Build.0 = Debug|Any CPU
		{B23D26FC-F698-463C-9050-9DEE3329A8B9}.Release|Any CPU.ActiveCfg = Release|Any CPU
		{B23D26FC-F698-463C-9050-9DEE3329A8B9}.Release|Any CPU.Build.0 = Release|Any CPU
		{78453473-C029-4ECE-A031-41BDFB54C343}.Debug|Any CPU.ActiveCfg = Debug|Any CPU
		{78453473-C029-4ECE-A031-41BDFB54C343}.Debug|Any CPU.Build.0 = Debug|Any CPU
		{78453473-C029-4ECE-A031-41BDFB54C343}.Release|Any CPU.ActiveCfg = Release|Any CPU
		{78453473-C029-4ECE-A031-41BDFB54C343}.Release|Any CPU.Build.0 = Release|Any CPU
		{CB83E5BF-6253-4B08-9E4F-2CAA9EE277F0}.Debug|Any CPU.ActiveCfg = Debug|Any CPU
		{CB83E5BF-6253-4B08-9E4F-2CAA9EE277F0}.Debug|Any CPU.Build.0 = Debug|Any CPU
		{CB83E5BF-6253-4B08-9E4F-2CAA9EE277F0}.Release|Any CPU.ActiveCfg = Release|Any CPU
		{CB83E5BF-6253-4B08-9E4F-2CAA9EE277F0}.Release|Any CPU.Build.0 = Release|Any CPU
		{9AEA582D-1E5F-453A-B401-32B0FEFE75A9}.Debug|Any CPU.ActiveCfg = Debug|Any CPU
		{9AEA582D-1E5F-453A-B401-32B0FEFE75A9}.Debug|Any CPU.Build.0 = Debug|Any CPU
		{9AEA582D-1E5F-453A-B401-32B0FEFE75A9}.Release|Any CPU.ActiveCfg = Release|Any CPU
		{9AEA582D-1E5F-453A-B401-32B0FEFE75A9}.Release|Any CPU.Build.0 = Release|Any CPU
		{F8E6CECF-D9AA-4A80-80DF-319966A81223}.Debug|Any CPU.ActiveCfg = Debug|Any CPU
		{F8E6CECF-D9AA-4A80-80DF-319966A81223}.Debug|Any CPU.Build.0 = Debug|Any CPU
		{F8E6CECF-D9AA-4A80-80DF-319966A81223}.Release|Any CPU.ActiveCfg = Release|Any CPU
		{F8E6CECF-D9AA-4A80-80DF-319966A81223}.Release|Any CPU.Build.0 = Release|Any CPU
		{A6F253F2-6987-4FA8-98E7-F883741CE45F}.Debug|Any CPU.ActiveCfg = Debug|Any CPU
		{A6F253F2-6987-4FA8-98E7-F883741CE45F}.Debug|Any CPU.Build.0 = Debug|Any CPU
		{A6F253F2-6987-4FA8-98E7-F883741CE45F}.Release|Any CPU.ActiveCfg = Release|Any CPU
		{A6F253F2-6987-4FA8-98E7-F883741CE45F}.Release|Any CPU.Build.0 = Release|Any CPU
		{CE89317C-B25B-4D9C-8339-7385C1284507}.Debug|Any CPU.ActiveCfg = Debug|Any CPU
		{CE89317C-B25B-4D9C-8339-7385C1284507}.Debug|Any CPU.Build.0 = Debug|Any CPU
		{CE89317C-B25B-4D9C-8339-7385C1284507}.Release|Any CPU.ActiveCfg = Release|Any CPU
		{CE89317C-B25B-4D9C-8339-7385C1284507}.Release|Any CPU.Build.0 = Release|Any CPU
		{8C27282D-03C5-4F95-8381-F9865D8331F6}.Debug|Any CPU.ActiveCfg = Debug|Any CPU
		{8C27282D-03C5-4F95-8381-F9865D8331F6}.Debug|Any CPU.Build.0 = Debug|Any CPU
		{8C27282D-03C5-4F95-8381-F9865D8331F6}.Release|Any CPU.ActiveCfg = Release|Any CPU
		{8C27282D-03C5-4F95-8381-F9865D8331F6}.Release|Any CPU.Build.0 = Release|Any CPU
		{18BBB1F6-47E5-4D36-A618-B46581C5C5E0}.Debug|Any CPU.ActiveCfg = Debug|Any CPU
		{18BBB1F6-47E5-4D36-A618-B46581C5C5E0}.Debug|Any CPU.Build.0 = Debug|Any CPU
		{18BBB1F6-47E5-4D36-A618-B46581C5C5E0}.Release|Any CPU.ActiveCfg = Release|Any CPU
		{18BBB1F6-47E5-4D36-A618-B46581C5C5E0}.Release|Any CPU.Build.0 = Release|Any CPU
		{A0BE9712-CE81-4AA3-811D-23891A95F398}.Debug|Any CPU.ActiveCfg = Debug|Any CPU
		{A0BE9712-CE81-4AA3-811D-23891A95F398}.Debug|Any CPU.Build.0 = Debug|Any CPU
		{A0BE9712-CE81-4AA3-811D-23891A95F398}.Release|Any CPU.ActiveCfg = Release|Any CPU
		{A0BE9712-CE81-4AA3-811D-23891A95F398}.Release|Any CPU.Build.0 = Release|Any CPU
	EndGlobalSection
	GlobalSection(SolutionProperties) = preSolution
		HideSolutionNode = FALSE
	EndGlobalSection
	GlobalSection(ExtensibilityGlobals) = postSolution
		SolutionGuid = {B2FA24F2-68FC-42E9-8F04-D102CEED5D9F}
	EndGlobalSection
EndGlobal
